// !$*UTF8*$!
{
	archiveVersion = 1;
	classes = {
	};
	objectVersion = 77;
	objects = {

/* Begin PBXBuildFile section */
		52E4ABCD2EA93EF30030E3DA /* WidgetKit.framework in Frameworks */ = {isa = PBXBuildFile; fileRef = 52E4ABCC2EA93EF30030E3DA /* WidgetKit.framework */; };
		52E4ABCF2EA93EF30030E3DA /* SwiftUI.framework in Frameworks */ = {isa = PBXBuildFile; fileRef = 52E4ABCE2EA93EF30030E3DA /* SwiftUI.framework */; };
		52E4ABDA2EA93EF40030E3DA /* TasksApp Watch App ComplicationExtension.appex in Embed Foundation Extensions */ = {isa = PBXBuildFile; fileRef = 52E4ABCA2EA93EF30030E3DA /* TasksApp Watch App ComplicationExtension.appex */; settings = {ATTRIBUTES = (RemoveHeadersOnCopy, ); }; };
		52F90B162EA8175900D9CFA5 /* TasksApp Watch App.app in Embed Watch Content */ = {isa = PBXBuildFile; fileRef = 52F90B0C2EA8175800D9CFA5 /* TasksApp Watch App.app */; settings = {ATTRIBUTES = (RemoveHeadersOnCopy, ); }; };
/* End PBXBuildFile section */

/* Begin PBXContainerItemProxy section */
		52E4ABD82EA93EF40030E3DA /* PBXContainerItemProxy */ = {
			isa = PBXContainerItemProxy;
			containerPortal = 52DE63E52E4273D200544BB7 /* Project object */;
			proxyType = 1;
			remoteGlobalIDString = 52E4ABC92EA93EF30030E3DA;
			remoteInfo = "TasksApp Watch App ComplicationExtension";
		};
		52F90B142EA8175900D9CFA5 /* PBXContainerItemProxy */ = {
			isa = PBXContainerItemProxy;
			containerPortal = 52DE63E52E4273D200544BB7 /* Project object */;
			proxyType = 1;
			remoteGlobalIDString = 52F90B0B2EA8175800D9CFA5;
			remoteInfo = "TasksApp Watch App";
		};
/* End PBXContainerItemProxy section */

/* Begin PBXCopyFilesBuildPhase section */
		52E4ABDB2EA93EF40030E3DA /* Embed Foundation Extensions */ = {
			isa = PBXCopyFilesBuildPhase;
			buildActionMask = 2147483647;
			dstPath = "";
			dstSubfolderSpec = 13;
			files = (
				52E4ABDA2EA93EF40030E3DA /* TasksApp Watch App ComplicationExtension.appex in Embed Foundation Extensions */,
			);
			name = "Embed Foundation Extensions";
			runOnlyForDeploymentPostprocessing = 0;
		};
		52F90B172EA8175900D9CFA5 /* Embed Watch Content */ = {
			isa = PBXCopyFilesBuildPhase;
			buildActionMask = 2147483647;
			dstPath = "$(CONTENTS_FOLDER_PATH)/Watch";
			dstSubfolderSpec = 16;
			files = (
				52F90B162EA8175900D9CFA5 /* TasksApp Watch App.app in Embed Watch Content */,
			);
			name = "Embed Watch Content";
			runOnlyForDeploymentPostprocessing = 0;
		};
/* End PBXCopyFilesBuildPhase section */

/* Begin PBXFileReference section */
		52DE63ED2E4273D200544BB7 /* TasksSwiftUI.app */ = {isa = PBXFileReference; explicitFileType = wrapper.application; includeInIndex = 0; path = TasksSwiftUI.app; sourceTree = BUILT_PRODUCTS_DIR; };
		52E4ABCA2EA93EF30030E3DA /* TasksApp Watch App ComplicationExtension.appex */ = {isa = PBXFileReference; explicitFileType = "wrapper.app-extension"; includeInIndex = 0; path = "TasksApp Watch App ComplicationExtension.appex"; sourceTree = BUILT_PRODUCTS_DIR; };
		52E4ABCC2EA93EF30030E3DA /* WidgetKit.framework */ = {isa = PBXFileReference; lastKnownFileType = wrapper.framework; name = WidgetKit.framework; path = System/Library/Frameworks/WidgetKit.framework; sourceTree = SDKROOT; };
		52E4ABCE2EA93EF30030E3DA /* SwiftUI.framework */ = {isa = PBXFileReference; lastKnownFileType = wrapper.framework; name = SwiftUI.framework; path = System/Library/Frameworks/SwiftUI.framework; sourceTree = SDKROOT; };
		52E4ABE42EA949F80030E3DA /* TasksApp Watch App ComplicationExtension.entitlements */ = {isa = PBXFileReference; lastKnownFileType = text.plist.entitlements; path = "TasksApp Watch App ComplicationExtension.entitlements"; sourceTree = "<group>"; };
		52F90B0C2EA8175800D9CFA5 /* TasksApp Watch App.app */ = {isa = PBXFileReference; explicitFileType = wrapper.application; includeInIndex = 0; path = "TasksApp Watch App.app"; sourceTree = BUILT_PRODUCTS_DIR; };
/* End PBXFileReference section */

/* Begin PBXFileSystemSynchronizedBuildFileExceptionSet section */
		521B04322EA9CC1F007E0C8D /* Exceptions for "TasksApp Watch App Complication" folder in "TasksApp Watch App ComplicationExtension" target */ = {
			isa = PBXFileSystemSynchronizedBuildFileExceptionSet;
			membershipExceptions = (
				Info.plist,
			);
			target = 52E4ABC92EA93EF30030E3DA /* TasksApp Watch App ComplicationExtension */;
		};
		521B04362EA9CC50007E0C8D /* Exceptions for "TasksSwiftUI" folder in "TasksApp Watch App" target */ = {
			isa = PBXFileSystemSynchronizedBuildFileExceptionSet;
			membershipExceptions = (
				Models/AppTask.swift,
				Models/TaskCategory.swift,
			);
			target = 52F90B0B2EA8175800D9CFA5 /* TasksApp Watch App */;
		};
		521B04372EA9CC50007E0C8D /* Exceptions for "TasksSwiftUI" folder in "TasksApp Watch App ComplicationExtension" target */ = {
			isa = PBXFileSystemSynchronizedBuildFileExceptionSet;
			membershipExceptions = (
				Models/AppTask.swift,
				Models/TaskCategory.swift,
			);
			target = 52E4ABC92EA93EF30030E3DA /* TasksApp Watch App ComplicationExtension */;
		};
		522668A82EA86B9800991003 /* Exceptions for "TasksApp Watch App" folder in "TasksSwiftUI" target */ = {
			isa = PBXFileSystemSynchronizedBuildFileExceptionSet;
			membershipExceptions = (
				App/TasksAppManager.swift,
			);
			target = 52DE63EC2E4273D200544BB7 /* TasksSwiftUI */;
		};
		527EA0F82EA9CAC100A54B53 /* Exceptions for "TasksApp Watch App" folder in "TasksApp Watch App ComplicationExtension" target */ = {
			isa = PBXFileSystemSynchronizedBuildFileExceptionSet;
			membershipExceptions = (
				SharedTask.swift,
			);
			target = 52E4ABC92EA93EF30030E3DA /* TasksApp Watch App ComplicationExtension */;
		};
		52FEDD142E45208D00CD6D1A /* Exceptions for "TasksSwiftUI" folder in "TasksSwiftUI" target */ = {
			isa = PBXFileSystemSynchronizedBuildFileExceptionSet;
			membershipExceptions = (
				Info.plist,
			);
			target = 52DE63EC2E4273D200544BB7 /* TasksSwiftUI */;
		};
/* End PBXFileSystemSynchronizedBuildFileExceptionSet section */

/* Begin PBXFileSystemSynchronizedRootGroup section */
		52DE63EF2E4273D200544BB7 /* TasksSwiftUI */ = {
			isa = PBXFileSystemSynchronizedRootGroup;
			exceptions = (
				52FEDD142E45208D00CD6D1A /* Exceptions for "TasksSwiftUI" folder in "TasksSwiftUI" target */,
				521B04362EA9CC50007E0C8D /* Exceptions for "TasksSwiftUI" folder in "TasksApp Watch App" target */,
				521B04372EA9CC50007E0C8D /* Exceptions for "TasksSwiftUI" folder in "TasksApp Watch App ComplicationExtension" target */,
			);
			path = TasksSwiftUI;
			sourceTree = "<group>";
		};
		52E4ABD02EA93EF30030E3DA /* TasksApp Watch App Complication */ = {
			isa = PBXFileSystemSynchronizedRootGroup;
			exceptions = (
				521B04322EA9CC1F007E0C8D /* Exceptions for "TasksApp Watch App Complication" folder in "TasksApp Watch App ComplicationExtension" target */,
			);
			path = "TasksApp Watch App Complication";
			sourceTree = "<group>";
		};
		52F90B0D2EA8175800D9CFA5 /* TasksApp Watch App */ = {
			isa = PBXFileSystemSynchronizedRootGroup;
			exceptions = (
				522668A82EA86B9800991003 /* Exceptions for "TasksApp Watch App" folder in "TasksSwiftUI" target */,
				527EA0F82EA9CAC100A54B53 /* Exceptions for "TasksApp Watch App" folder in "TasksApp Watch App ComplicationExtension" target */,
			);
			path = "TasksApp Watch App";
			sourceTree = "<group>";
		};
/* End PBXFileSystemSynchronizedRootGroup section */

/* Begin PBXFrameworksBuildPhase section */
		52DE63EA2E4273D200544BB7 /* Frameworks */ = {
			isa = PBXFrameworksBuildPhase;
			buildActionMask = 2147483647;
			files = (
			);
			runOnlyForDeploymentPostprocessing = 0;
		};
		52E4ABC72EA93EF30030E3DA /* Frameworks */ = {
			isa = PBXFrameworksBuildPhase;
			buildActionMask = 2147483647;
			files = (
				52E4ABCF2EA93EF30030E3DA /* SwiftUI.framework in Frameworks */,
				52E4ABCD2EA93EF30030E3DA /* WidgetKit.framework in Frameworks */,
			);
			runOnlyForDeploymentPostprocessing = 0;
		};
		52F90B092EA8175800D9CFA5 /* Frameworks */ = {
			isa = PBXFrameworksBuildPhase;
			buildActionMask = 2147483647;
			files = (
			);
			runOnlyForDeploymentPostprocessing = 0;
		};
/* End PBXFrameworksBuildPhase section */

/* Begin PBXGroup section */
		52DE63E42E4273D200544BB7 = {
			isa = PBXGroup;
			children = (
				52DE63EF2E4273D200544BB7 /* TasksSwiftUI */,
				52F90B0D2EA8175800D9CFA5 /* TasksApp Watch App */,
				52E4ABD02EA93EF30030E3DA /* TasksApp Watch App Complication */,
				52E4ABCB2EA93EF30030E3DA /* Frameworks */,
				52DE63EE2E4273D200544BB7 /* Products */,
				52E4ABE42EA949F80030E3DA /* TasksApp Watch App ComplicationExtension.entitlements */,
			);
			sourceTree = "<group>";
		};
		52DE63EE2E4273D200544BB7 /* Products */ = {
			isa = PBXGroup;
			children = (
				52DE63ED2E4273D200544BB7 /* TasksSwiftUI.app */,
				52F90B0C2EA8175800D9CFA5 /* TasksApp Watch App.app */,
				52E4ABCA2EA93EF30030E3DA /* TasksApp Watch App ComplicationExtension.appex */,
			);
			name = Products;
			sourceTree = "<group>";
		};
		52E4ABCB2EA93EF30030E3DA /* Frameworks */ = {
			isa = PBXGroup;
			children = (
				52E4ABCC2EA93EF30030E3DA /* WidgetKit.framework */,
				52E4ABCE2EA93EF30030E3DA /* SwiftUI.framework */,
			);
			name = Frameworks;
			sourceTree = "<group>";
		};
/* End PBXGroup section */

/* Begin PBXNativeTarget section */
		52DE63EC2E4273D200544BB7 /* TasksSwiftUI */ = {
			isa = PBXNativeTarget;
			buildConfigurationList = 52DE63F82E4273D300544BB7 /* Build configuration list for PBXNativeTarget "TasksSwiftUI" */;
			buildPhases = (
				52DE63E92E4273D200544BB7 /* Sources */,
				52DE63EA2E4273D200544BB7 /* Frameworks */,
				52DE63EB2E4273D200544BB7 /* Resources */,
				52F90B172EA8175900D9CFA5 /* Embed Watch Content */,
			);
			buildRules = (
			);
			dependencies = (
				52F90B152EA8175900D9CFA5 /* PBXTargetDependency */,
			);
			fileSystemSynchronizedGroups = (
				52DE63EF2E4273D200544BB7 /* TasksSwiftUI */,
			);
			name = TasksSwiftUI;
			packageProductDependencies = (
			);
			productName = TasksSwiftUI;
			productReference = 52DE63ED2E4273D200544BB7 /* TasksSwiftUI.app */;
			productType = "com.apple.product-type.application";
		};
		52E4ABC92EA93EF30030E3DA /* TasksApp Watch App ComplicationExtension */ = {
			isa = PBXNativeTarget;
			buildConfigurationList = 52E4ABDE2EA93EF40030E3DA /* Build configuration list for PBXNativeTarget "TasksApp Watch App ComplicationExtension" */;
			buildPhases = (
				52E4ABC62EA93EF30030E3DA /* Sources */,
				52E4ABC72EA93EF30030E3DA /* Frameworks */,
				52E4ABC82EA93EF30030E3DA /* Resources */,
			);
			buildRules = (
			);
			dependencies = (
			);
			fileSystemSynchronizedGroups = (
				52E4ABD02EA93EF30030E3DA /* TasksApp Watch App Complication */,
			);
			name = "TasksApp Watch App ComplicationExtension";
			packageProductDependencies = (
			);
			productName = "TasksApp Watch App ComplicationExtension";
			productReference = 52E4ABCA2EA93EF30030E3DA /* TasksApp Watch App ComplicationExtension.appex */;
			productType = "com.apple.product-type.app-extension";
		};
		52F90B0B2EA8175800D9CFA5 /* TasksApp Watch App */ = {
			isa = PBXNativeTarget;
			buildConfigurationList = 52F90B1A2EA8175900D9CFA5 /* Build configuration list for PBXNativeTarget "TasksApp Watch App" */;
			buildPhases = (
				52F90B082EA8175800D9CFA5 /* Sources */,
				52F90B092EA8175800D9CFA5 /* Frameworks */,
				52F90B0A2EA8175800D9CFA5 /* Resources */,
				52E4ABDB2EA93EF40030E3DA /* Embed Foundation Extensions */,
			);
			buildRules = (
			);
			dependencies = (
				52E4ABD92EA93EF40030E3DA /* PBXTargetDependency */,
			);
			fileSystemSynchronizedGroups = (
				52F90B0D2EA8175800D9CFA5 /* TasksApp Watch App */,
			);
			name = "TasksApp Watch App";
			packageProductDependencies = (
			);
			productName = "TasksApp Watch App";
			productReference = 52F90B0C2EA8175800D9CFA5 /* TasksApp Watch App.app */;
			productType = "com.apple.product-type.application";
		};
/* End PBXNativeTarget section */

/* Begin PBXProject section */
		52DE63E52E4273D200544BB7 /* Project object */ = {
			isa = PBXProject;
			attributes = {
				BuildIndependentTargetsInParallel = 1;
				LastSwiftUpdateCheck = 2600;
				LastUpgradeCheck = 2600;
				TargetAttributes = {
					52DE63EC2E4273D200544BB7 = {
						CreatedOnToolsVersion = 16.4;
					};
					52E4ABC92EA93EF30030E3DA = {
						CreatedOnToolsVersion = 26.0.1;
					};
					52F90B0B2EA8175800D9CFA5 = {
						CreatedOnToolsVersion = 26.0.1;
					};
				};
			};
			buildConfigurationList = 52DE63E82E4273D200544BB7 /* Build configuration list for PBXProject "TasksSwiftUI" */;
			developmentRegion = en;
			hasScannedForEncodings = 0;
			knownRegions = (
				en,
				Base,
			);
			mainGroup = 52DE63E42E4273D200544BB7;
			minimizedProjectReferenceProxies = 1;
			preferredProjectObjectVersion = 77;
			productRefGroup = 52DE63EE2E4273D200544BB7 /* Products */;
			projectDirPath = "";
			projectRoot = "";
			targets = (
				52DE63EC2E4273D200544BB7 /* TasksSwiftUI */,
				52F90B0B2EA8175800D9CFA5 /* TasksApp Watch App */,
				52E4ABC92EA93EF30030E3DA /* TasksApp Watch App ComplicationExtension */,
			);
		};
/* End PBXProject section */

/* Begin PBXResourcesBuildPhase section */
		52DE63EB2E4273D200544BB7 /* Resources */ = {
			isa = PBXResourcesBuildPhase;
			buildActionMask = 2147483647;
			files = (
			);
			runOnlyForDeploymentPostprocessing = 0;
		};
		52E4ABC82EA93EF30030E3DA /* Resources */ = {
			isa = PBXResourcesBuildPhase;
			buildActionMask = 2147483647;
			files = (
			);
			runOnlyForDeploymentPostprocessing = 0;
		};
		52F90B0A2EA8175800D9CFA5 /* Resources */ = {
			isa = PBXResourcesBuildPhase;
			buildActionMask = 2147483647;
			files = (
			);
			runOnlyForDeploymentPostprocessing = 0;
		};
/* End PBXResourcesBuildPhase section */

/* Begin PBXSourcesBuildPhase section */
		52DE63E92E4273D200544BB7 /* Sources */ = {
			isa = PBXSourcesBuildPhase;
			buildActionMask = 2147483647;
			files = (
			);
			runOnlyForDeploymentPostprocessing = 0;
		};
		52E4ABC62EA93EF30030E3DA /* Sources */ = {
			isa = PBXSourcesBuildPhase;
			buildActionMask = 2147483647;
			files = (
			);
			runOnlyForDeploymentPostprocessing = 0;
		};
		52F90B082EA8175800D9CFA5 /* Sources */ = {
			isa = PBXSourcesBuildPhase;
			buildActionMask = 2147483647;
			files = (
			);
			runOnlyForDeploymentPostprocessing = 0;
		};
/* End PBXSourcesBuildPhase section */

/* Begin PBXTargetDependency section */
		52E4ABD92EA93EF40030E3DA /* PBXTargetDependency */ = {
			isa = PBXTargetDependency;
			target = 52E4ABC92EA93EF30030E3DA /* TasksApp Watch App ComplicationExtension */;
			targetProxy = 52E4ABD82EA93EF40030E3DA /* PBXContainerItemProxy */;
		};
		52F90B152EA8175900D9CFA5 /* PBXTargetDependency */ = {
			isa = PBXTargetDependency;
			target = 52F90B0B2EA8175800D9CFA5 /* TasksApp Watch App */;
			targetProxy = 52F90B142EA8175900D9CFA5 /* PBXContainerItemProxy */;
		};
/* End PBXTargetDependency section */

/* Begin XCBuildConfiguration section */
		52DE63F62E4273D300544BB7 /* Debug */ = {
			isa = XCBuildConfiguration;
			buildSettings = {
				ALWAYS_SEARCH_USER_PATHS = NO;
				ASSETCATALOG_COMPILER_GENERATE_SWIFT_ASSET_SYMBOL_EXTENSIONS = YES;
				CLANG_ANALYZER_NONNULL = YES;
				CLANG_ANALYZER_NUMBER_OBJECT_CONVERSION = YES_AGGRESSIVE;
				CLANG_CXX_LANGUAGE_STANDARD = "gnu++20";
				CLANG_ENABLE_MODULES = YES;
				CLANG_ENABLE_OBJC_ARC = YES;
				CLANG_ENABLE_OBJC_WEAK = YES;
				CLANG_WARN_BLOCK_CAPTURE_AUTORELEASING = YES;
				CLANG_WARN_BOOL_CONVERSION = YES;
				CLANG_WARN_COMMA = YES;
				CLANG_WARN_CONSTANT_CONVERSION = YES;
				CLANG_WARN_DEPRECATED_OBJC_IMPLEMENTATIONS = YES;
				CLANG_WARN_DIRECT_OBJC_ISA_USAGE = YES_ERROR;
				CLANG_WARN_DOCUMENTATION_COMMENTS = YES;
				CLANG_WARN_EMPTY_BODY = YES;
				CLANG_WARN_ENUM_CONVERSION = YES;
				CLANG_WARN_INFINITE_RECURSION = YES;
				CLANG_WARN_INT_CONVERSION = YES;
				CLANG_WARN_NON_LITERAL_NULL_CONVERSION = YES;
				CLANG_WARN_OBJC_IMPLICIT_RETAIN_SELF = YES;
				CLANG_WARN_OBJC_LITERAL_CONVERSION = YES;
				CLANG_WARN_OBJC_ROOT_CLASS = YES_ERROR;
				CLANG_WARN_QUOTED_INCLUDE_IN_FRAMEWORK_HEADER = YES;
				CLANG_WARN_RANGE_LOOP_ANALYSIS = YES;
				CLANG_WARN_STRICT_PROTOTYPES = YES;
				CLANG_WARN_SUSPICIOUS_MOVE = YES;
				CLANG_WARN_UNGUARDED_AVAILABILITY = YES_AGGRESSIVE;
				CLANG_WARN_UNREACHABLE_CODE = YES;
				CLANG_WARN__DUPLICATE_METHOD_MATCH = YES;
				COPY_PHASE_STRIP = NO;
				DEBUG_INFORMATION_FORMAT = dwarf;
				DEVELOPMENT_TEAM = YXSF57PF32;
				ENABLE_STRICT_OBJC_MSGSEND = YES;
				ENABLE_TESTABILITY = YES;
				ENABLE_USER_SCRIPT_SANDBOXING = YES;
				GCC_C_LANGUAGE_STANDARD = gnu17;
				GCC_DYNAMIC_NO_PIC = NO;
				GCC_NO_COMMON_BLOCKS = YES;
				GCC_OPTIMIZATION_LEVEL = 0;
				GCC_PREPROCESSOR_DEFINITIONS = (
					"DEBUG=1",
					"$(inherited)",
				);
				GCC_WARN_64_TO_32_BIT_CONVERSION = YES;
				GCC_WARN_ABOUT_RETURN_TYPE = YES_ERROR;
				GCC_WARN_UNDECLARED_SELECTOR = YES;
				GCC_WARN_UNINITIALIZED_AUTOS = YES_AGGRESSIVE;
				GCC_WARN_UNUSED_FUNCTION = YES;
				GCC_WARN_UNUSED_VARIABLE = YES;
				IPHONEOS_DEPLOYMENT_TARGET = 18.5;
				LOCALIZATION_PREFERS_STRING_CATALOGS = YES;
				MTL_ENABLE_DEBUG_INFO = INCLUDE_SOURCE;
				MTL_FAST_MATH = YES;
				ONLY_ACTIVE_ARCH = YES;
				SDKROOT = iphoneos;
				STRING_CATALOG_GENERATE_SYMBOLS = YES;
				SWIFT_ACTIVE_COMPILATION_CONDITIONS = "DEBUG $(inherited)";
				SWIFT_OPTIMIZATION_LEVEL = "-Onone";
			};
			name = Debug;
		};
		52DE63F72E4273D300544BB7 /* Release */ = {
			isa = XCBuildConfiguration;
			buildSettings = {
				ALWAYS_SEARCH_USER_PATHS = NO;
				ASSETCATALOG_COMPILER_GENERATE_SWIFT_ASSET_SYMBOL_EXTENSIONS = YES;
				CLANG_ANALYZER_NONNULL = YES;
				CLANG_ANALYZER_NUMBER_OBJECT_CONVERSION = YES_AGGRESSIVE;
				CLANG_CXX_LANGUAGE_STANDARD = "gnu++20";
				CLANG_ENABLE_MODULES = YES;
				CLANG_ENABLE_OBJC_ARC = YES;
				CLANG_ENABLE_OBJC_WEAK = YES;
				CLANG_WARN_BLOCK_CAPTURE_AUTORELEASING = YES;
				CLANG_WARN_BOOL_CONVERSION = YES;
				CLANG_WARN_COMMA = YES;
				CLANG_WARN_CONSTANT_CONVERSION = YES;
				CLANG_WARN_DEPRECATED_OBJC_IMPLEMENTATIONS = YES;
				CLANG_WARN_DIRECT_OBJC_ISA_USAGE = YES_ERROR;
				CLANG_WARN_DOCUMENTATION_COMMENTS = YES;
				CLANG_WARN_EMPTY_BODY = YES;
				CLANG_WARN_ENUM_CONVERSION = YES;
				CLANG_WARN_INFINITE_RECURSION = YES;
				CLANG_WARN_INT_CONVERSION = YES;
				CLANG_WARN_NON_LITERAL_NULL_CONVERSION = YES;
				CLANG_WARN_OBJC_IMPLICIT_RETAIN_SELF = YES;
				CLANG_WARN_OBJC_LITERAL_CONVERSION = YES;
				CLANG_WARN_OBJC_ROOT_CLASS = YES_ERROR;
				CLANG_WARN_QUOTED_INCLUDE_IN_FRAMEWORK_HEADER = YES;
				CLANG_WARN_RANGE_LOOP_ANALYSIS = YES;
				CLANG_WARN_STRICT_PROTOTYPES = YES;
				CLANG_WARN_SUSPICIOUS_MOVE = YES;
				CLANG_WARN_UNGUARDED_AVAILABILITY = YES_AGGRESSIVE;
				CLANG_WARN_UNREACHABLE_CODE = YES;
				CLANG_WARN__DUPLICATE_METHOD_MATCH = YES;
				COPY_PHASE_STRIP = NO;
				DEBUG_INFORMATION_FORMAT = "dwarf-with-dsym";
				DEVELOPMENT_TEAM = YXSF57PF32;
				ENABLE_NS_ASSERTIONS = NO;
				ENABLE_STRICT_OBJC_MSGSEND = YES;
				ENABLE_USER_SCRIPT_SANDBOXING = YES;
				GCC_C_LANGUAGE_STANDARD = gnu17;
				GCC_NO_COMMON_BLOCKS = YES;
				GCC_WARN_64_TO_32_BIT_CONVERSION = YES;
				GCC_WARN_ABOUT_RETURN_TYPE = YES_ERROR;
				GCC_WARN_UNDECLARED_SELECTOR = YES;
				GCC_WARN_UNINITIALIZED_AUTOS = YES_AGGRESSIVE;
				GCC_WARN_UNUSED_FUNCTION = YES;
				GCC_WARN_UNUSED_VARIABLE = YES;
				IPHONEOS_DEPLOYMENT_TARGET = 18.5;
				LOCALIZATION_PREFERS_STRING_CATALOGS = YES;
				MTL_ENABLE_DEBUG_INFO = NO;
				MTL_FAST_MATH = YES;
				SDKROOT = iphoneos;
				STRING_CATALOG_GENERATE_SYMBOLS = YES;
				SWIFT_COMPILATION_MODE = wholemodule;
				VALIDATE_PRODUCT = YES;
			};
			name = Release;
		};
		52DE63F92E4273D300544BB7 /* Debug */ = {
			isa = XCBuildConfiguration;
			buildSettings = {
				ASSETCATALOG_COMPILER_APPICON_NAME = AppIcon;
				ASSETCATALOG_COMPILER_GLOBAL_ACCENT_COLOR_NAME = AccentColor;
				CODE_SIGN_ENTITLEMENTS = TasksSwiftUI/TasksSwiftUI.entitlements;
				CODE_SIGN_STYLE = Automatic;
				CURRENT_PROJECT_VERSION = 1;
				DEVELOPMENT_TEAM = YXSF57PF32;
				ENABLE_PREVIEWS = YES;
				GENERATE_INFOPLIST_FILE = YES;
				INFOPLIST_FILE = TasksSwiftUI/Info.plist;
				INFOPLIST_KEY_UIApplicationSceneManifest_Generation = YES;
				INFOPLIST_KEY_UIApplicationSupportsIndirectInputEvents = YES;
				INFOPLIST_KEY_UILaunchScreen_Generation = YES;
				INFOPLIST_KEY_UISupportedInterfaceOrientations_iPad = "UIInterfaceOrientationPortrait UIInterfaceOrientationPortraitUpsideDown UIInterfaceOrientationLandscapeLeft UIInterfaceOrientationLandscapeRight";
				INFOPLIST_KEY_UISupportedInterfaceOrientations_iPhone = "UIInterfaceOrientationPortrait UIInterfaceOrientationLandscapeLeft UIInterfaceOrientationLandscapeRight";
				LD_RUNPATH_SEARCH_PATHS = (
					"$(inherited)",
					"@executable_path/Frameworks",
				);
				MARKETING_VERSION = 1.0;
				PRODUCT_BUNDLE_IDENTIFIER = br.academy.marcos.TasksSwiftUI;
				PRODUCT_NAME = "$(TARGET_NAME)";
				SWIFT_EMIT_LOC_STRINGS = YES;
				SWIFT_VERSION = 5.0;
				TARGETED_DEVICE_FAMILY = "1,2";
			};
			name = Debug;
		};
		52DE63FA2E4273D300544BB7 /* Release */ = {
			isa = XCBuildConfiguration;
			buildSettings = {
				ASSETCATALOG_COMPILER_APPICON_NAME = AppIcon;
				ASSETCATALOG_COMPILER_GLOBAL_ACCENT_COLOR_NAME = AccentColor;
				CODE_SIGN_ENTITLEMENTS = TasksSwiftUI/TasksSwiftUI.entitlements;
				CODE_SIGN_STYLE = Automatic;
				CURRENT_PROJECT_VERSION = 1;
				DEVELOPMENT_TEAM = YXSF57PF32;
				ENABLE_PREVIEWS = YES;
				GENERATE_INFOPLIST_FILE = YES;
				INFOPLIST_FILE = TasksSwiftUI/Info.plist;
				INFOPLIST_KEY_UIApplicationSceneManifest_Generation = YES;
				INFOPLIST_KEY_UIApplicationSupportsIndirectInputEvents = YES;
				INFOPLIST_KEY_UILaunchScreen_Generation = YES;
				INFOPLIST_KEY_UISupportedInterfaceOrientations_iPad = "UIInterfaceOrientationPortrait UIInterfaceOrientationPortraitUpsideDown UIInterfaceOrientationLandscapeLeft UIInterfaceOrientationLandscapeRight";
				INFOPLIST_KEY_UISupportedInterfaceOrientations_iPhone = "UIInterfaceOrientationPortrait UIInterfaceOrientationLandscapeLeft UIInterfaceOrientationLandscapeRight";
				LD_RUNPATH_SEARCH_PATHS = (
					"$(inherited)",
					"@executable_path/Frameworks",
				);
				MARKETING_VERSION = 1.0;
				PRODUCT_BUNDLE_IDENTIFIER = br.academy.marcos.TasksSwiftUI;
				PRODUCT_NAME = "$(TARGET_NAME)";
				SWIFT_EMIT_LOC_STRINGS = YES;
				SWIFT_VERSION = 5.0;
				TARGETED_DEVICE_FAMILY = "1,2";
			};
			name = Release;
		};
		52E4ABDC2EA93EF40030E3DA /* Debug */ = {
			isa = XCBuildConfiguration;
			buildSettings = {
				ASSETCATALOG_COMPILER_GLOBAL_ACCENT_COLOR_NAME = AccentColor;
				ASSETCATALOG_COMPILER_WIDGET_BACKGROUND_COLOR_NAME = WidgetBackground;
				CODE_SIGN_ENTITLEMENTS = "TasksApp Watch App ComplicationExtension.entitlements";
				CODE_SIGN_STYLE = Automatic;
				CURRENT_PROJECT_VERSION = 1;
				DEVELOPMENT_TEAM = YXSF57PF32;
				GENERATE_INFOPLIST_FILE = YES;
				INFOPLIST_FILE = "TasksApp Watch App Complication/Info.plist";
				INFOPLIST_KEY_CFBundleDisplayName = "TasksApp Watch App Complication";
				INFOPLIST_KEY_NSHumanReadableCopyright = "";
				LD_RUNPATH_SEARCH_PATHS = (
					"$(inherited)",
					"@executable_path/Frameworks",
					"@executable_path/../../Frameworks",
					"@executable_path/../../../../Frameworks",
				);
				MARKETING_VERSION = 1.0;
				PRODUCT_BUNDLE_IDENTIFIER = "br.academy.marcos.TasksSwiftUI.watchkitapp.TasksApp-Watch-App-Complication";
				PRODUCT_NAME = "$(TARGET_NAME)";
				SDKROOT = watchos;
				SKIP_INSTALL = YES;
				STRING_CATALOG_GENERATE_SYMBOLS = YES;
				SWIFT_APPROACHABLE_CONCURRENCY = YES;
				SWIFT_EMIT_LOC_STRINGS = YES;
				SWIFT_UPCOMING_FEATURE_MEMBER_IMPORT_VISIBILITY = YES;
				SWIFT_VERSION = 5.0;
				TARGETED_DEVICE_FAMILY = 4;
				WATCHOS_DEPLOYMENT_TARGET = 26.0;
			};
			name = Debug;
		};
		52E4ABDD2EA93EF40030E3DA /* Release */ = {
			isa = XCBuildConfiguration;
			buildSettings = {
				ASSETCATALOG_COMPILER_GLOBAL_ACCENT_COLOR_NAME = AccentColor;
				ASSETCATALOG_COMPILER_WIDGET_BACKGROUND_COLOR_NAME = WidgetBackground;
				CODE_SIGN_ENTITLEMENTS = "TasksApp Watch App ComplicationExtension.entitlements";
				CODE_SIGN_STYLE = Automatic;
				CURRENT_PROJECT_VERSION = 1;
				DEVELOPMENT_TEAM = YXSF57PF32;
				GENERATE_INFOPLIST_FILE = YES;
				INFOPLIST_FILE = "TasksApp Watch App Complication/Info.plist";
				INFOPLIST_KEY_CFBundleDisplayName = "TasksApp Watch App Complication";
				INFOPLIST_KEY_NSHumanReadableCopyright = "";
				LD_RUNPATH_SEARCH_PATHS = (
					"$(inherited)",
					"@executable_path/Frameworks",
					"@executable_path/../../Frameworks",
					"@executable_path/../../../../Frameworks",
				);
				MARKETING_VERSION = 1.0;
				PRODUCT_BUNDLE_IDENTIFIER = "br.academy.marcos.TasksSwiftUI.watchkitapp.TasksApp-Watch-App-Complication";
				PRODUCT_NAME = "$(TARGET_NAME)";
				SDKROOT = watchos;
				SKIP_INSTALL = YES;
				STRING_CATALOG_GENERATE_SYMBOLS = YES;
				SWIFT_APPROACHABLE_CONCURRENCY = YES;
				SWIFT_EMIT_LOC_STRINGS = YES;
				SWIFT_UPCOMING_FEATURE_MEMBER_IMPORT_VISIBILITY = YES;
				SWIFT_VERSION = 5.0;
				TARGETED_DEVICE_FAMILY = 4;
				WATCHOS_DEPLOYMENT_TARGET = 26.0;
			};
			name = Release;
		};
		52F90B182EA8175900D9CFA5 /* Debug */ = {
			isa = XCBuildConfiguration;
			buildSettings = {
				ASSETCATALOG_COMPILER_APPICON_NAME = AppIcon;
				ASSETCATALOG_COMPILER_GLOBAL_ACCENT_COLOR_NAME = AccentColor;
				CODE_SIGN_ENTITLEMENTS = "TasksApp Watch App/TasksApp Watch App.entitlements";
				CODE_SIGN_STYLE = Automatic;
				CURRENT_PROJECT_VERSION = 1;
				DEVELOPMENT_TEAM = YXSF57PF32;
				ENABLE_PREVIEWS = YES;
				GENERATE_INFOPLIST_FILE = YES;
				INFOPLIST_KEY_CFBundleDisplayName = TasksApp;
				INFOPLIST_KEY_UISupportedInterfaceOrientations = "UIInterfaceOrientationPortrait UIInterfaceOrientationPortraitUpsideDown";
				INFOPLIST_KEY_WKCompanionAppBundleIdentifier = br.academy.marcos.TasksSwiftUI;
				LD_RUNPATH_SEARCH_PATHS = (
					"$(inherited)",
					"@executable_path/Frameworks",
				);
				MARKETING_VERSION = 1.0;
				PRODUCT_BUNDLE_IDENTIFIER = br.academy.marcos.TasksSwiftUI.watchkitapp;
				PRODUCT_NAME = "$(TARGET_NAME)";
				SDKROOT = watchos;
				SKIP_INSTALL = YES;
				STRING_CATALOG_GENERATE_SYMBOLS = YES;
				SWIFT_APPROACHABLE_CONCURRENCY = YES;
				SWIFT_DEFAULT_ACTOR_ISOLATION = MainActor;
				SWIFT_EMIT_LOC_STRINGS = YES;
				SWIFT_UPCOMING_FEATURE_MEMBER_IMPORT_VISIBILITY = YES;
				SWIFT_VERSION = 5.0;
				TARGETED_DEVICE_FAMILY = 4;
				WATCHOS_DEPLOYMENT_TARGET = 10.6;
			};
			name = Debug;
		};
		52F90B192EA8175900D9CFA5 /* Release */ = {
			isa = XCBuildConfiguration;
			buildSettings = {
				ASSETCATALOG_COMPILER_APPICON_NAME = AppIcon;
				ASSETCATALOG_COMPILER_GLOBAL_ACCENT_COLOR_NAME = AccentColor;
				CODE_SIGN_ENTITLEMENTS = "TasksApp Watch App/TasksApp Watch App.entitlements";
				CODE_SIGN_STYLE = Automatic;
				CURRENT_PROJECT_VERSION = 1;
				DEVELOPMENT_TEAM = YXSF57PF32;
				ENABLE_PREVIEWS = YES;
				GENERATE_INFOPLIST_FILE = YES;
				INFOPLIST_KEY_CFBundleDisplayName = TasksApp;
				INFOPLIST_KEY_UISupportedInterfaceOrientations = "UIInterfaceOrientationPortrait UIInterfaceOrientationPortraitUpsideDown";
				INFOPLIST_KEY_WKCompanionAppBundleIdentifier = br.academy.marcos.TasksSwiftUI;
				LD_RUNPATH_SEARCH_PATHS = (
					"$(inherited)",
					"@executable_path/Frameworks",
				);
				MARKETING_VERSION = 1.0;
				PRODUCT_BUNDLE_IDENTIFIER = br.academy.marcos.TasksSwiftUI.watchkitapp;
				PRODUCT_NAME = "$(TARGET_NAME)";
				SDKROOT = watchos;
				SKIP_INSTALL = YES;
				STRING_CATALOG_GENERATE_SYMBOLS = YES;
				SWIFT_APPROACHABLE_CONCURRENCY = YES;
				SWIFT_DEFAULT_ACTOR_ISOLATION = MainActor;
				SWIFT_EMIT_LOC_STRINGS = YES;
				SWIFT_UPCOMING_FEATURE_MEMBER_IMPORT_VISIBILITY = YES;
				SWIFT_VERSION = 5.0;
				TARGETED_DEVICE_FAMILY = 4;
				WATCHOS_DEPLOYMENT_TARGET = 10.6;
			};
			name = Release;
		};
/* End XCBuildConfiguration section */

/* Begin XCConfigurationList section */
		52DE63E82E4273D200544BB7 /* Build configuration list for PBXProject "TasksSwiftUI" */ = {
			isa = XCConfigurationList;
			buildConfigurations = (
				52DE63F62E4273D300544BB7 /* Debug */,
				52DE63F72E4273D300544BB7 /* Release */,
			);
			defaultConfigurationIsVisible = 0;
			defaultConfigurationName = Release;
		};
		52DE63F82E4273D300544BB7 /* Build configuration list for PBXNativeTarget "TasksSwiftUI" */ = {
			isa = XCConfigurationList;
			buildConfigurations = (
				52DE63F92E4273D300544BB7 /* Debug */,
				52DE63FA2E4273D300544BB7 /* Release */,
			);
			defaultConfigurationIsVisible = 0;
			defaultConfigurationName = Release;
		};
		52E4ABDE2EA93EF40030E3DA /* Build configuration list for PBXNativeTarget "TasksApp Watch App ComplicationExtension" */ = {
			isa = XCConfigurationList;
			buildConfigurations = (
				52E4ABDC2EA93EF40030E3DA /* Debug */,
				52E4ABDD2EA93EF40030E3DA /* Release */,
			);
			defaultConfigurationIsVisible = 0;
			defaultConfigurationName = Release;
		};
		52F90B1A2EA8175900D9CFA5 /* Build configuration list for PBXNativeTarget "TasksApp Watch App" */ = {
			isa = XCConfigurationList;
			buildConfigurations = (
				52F90B182EA8175900D9CFA5 /* Debug */,
				52F90B192EA8175900D9CFA5 /* Release */,
			);
			defaultConfigurationIsVisible = 0;
			defaultConfigurationName = Release;
		};
/* End XCConfigurationList section */
	};
	rootObject = 52DE63E52E4273D200544BB7 /* Project object */;
}
